// !$*UTF8*$!
{
	archiveVersion = 1;
	classes = {
	};
	objectVersion = 46;
	objects = {

/* Begin PBXBuildFile section */
		50AF3AF71CC6FC3C0042F81C /* Eventitic.h in Headers */ = {isa = PBXBuildFile; fileRef = 50AF3AF61CC6FC3C0042F81C /* Eventitic.h */; settings = {ATTRIBUTES = (Public, ); }; };
		50AF3AFE1CC6FC3C0042F81C /* Eventitic.framework in Frameworks */ = {isa = PBXBuildFile; fileRef = 50AF3AF31CC6FC3C0042F81C /* Eventitic.framework */; };
		50AF3B031CC6FC3C0042F81C /* EventiticTests.swift in Sources */ = {isa = PBXBuildFile; fileRef = 50AF3B021CC6FC3C0042F81C /* EventiticTests.swift */; };
		50AF3B141CC6FD890042F81C /* EventSource.swift in Sources */ = {isa = PBXBuildFile; fileRef = 50AF3B101CC6FD890042F81C /* EventSource.swift */; };
		50AF3B151CC6FD890042F81C /* Listener.swift in Sources */ = {isa = PBXBuildFile; fileRef = 50AF3B111CC6FD890042F81C /* Listener.swift */; };
		50AF3B161CC6FD890042F81C /* ListenerStore.swift in Sources */ = {isa = PBXBuildFile; fileRef = 50AF3B121CC6FD890042F81C /* ListenerStore.swift */; };
		50E0DB791CC7CB9200441694 /* EventSource.swift in Sources */ = {isa = PBXBuildFile; fileRef = 50AF3B101CC6FD890042F81C /* EventSource.swift */; };
		50E0DB7A1CC7CB9300441694 /* EventSource.swift in Sources */ = {isa = PBXBuildFile; fileRef = 50AF3B101CC6FD890042F81C /* EventSource.swift */; };
		50E0DB7B1CC7CB9300441694 /* EventSource.swift in Sources */ = {isa = PBXBuildFile; fileRef = 50AF3B101CC6FD890042F81C /* EventSource.swift */; };
		50E0DB7C1CC7CB9600441694 /* Listener.swift in Sources */ = {isa = PBXBuildFile; fileRef = 50AF3B111CC6FD890042F81C /* Listener.swift */; };
		50E0DB7D1CC7CB9700441694 /* Listener.swift in Sources */ = {isa = PBXBuildFile; fileRef = 50AF3B111CC6FD890042F81C /* Listener.swift */; };
		50E0DB7E1CC7CB9700441694 /* Listener.swift in Sources */ = {isa = PBXBuildFile; fileRef = 50AF3B111CC6FD890042F81C /* Listener.swift */; };
		50E0DB7F1CC7CB9A00441694 /* ListenerStore.swift in Sources */ = {isa = PBXBuildFile; fileRef = 50AF3B121CC6FD890042F81C /* ListenerStore.swift */; };
		50E0DB801CC7CB9B00441694 /* ListenerStore.swift in Sources */ = {isa = PBXBuildFile; fileRef = 50AF3B121CC6FD890042F81C /* ListenerStore.swift */; };
		50E0DB811CC7CB9B00441694 /* ListenerStore.swift in Sources */ = {isa = PBXBuildFile; fileRef = 50AF3B121CC6FD890042F81C /* ListenerStore.swift */; };
		50E10B731CC7921E002C37E3 /* Eventitic.h in Headers */ = {isa = PBXBuildFile; fileRef = 50AF3AF61CC6FC3C0042F81C /* Eventitic.h */; settings = {ATTRIBUTES = (Public, ); }; };
		50E10B811CC79367002C37E3 /* Eventitic.h in Headers */ = {isa = PBXBuildFile; fileRef = 50AF3AF61CC6FC3C0042F81C /* Eventitic.h */; settings = {ATTRIBUTES = (Public, ); }; };
		50E10B8F1CC794C6002C37E3 /* Eventitic.h in Headers */ = {isa = PBXBuildFile; fileRef = 50AF3AF61CC6FC3C0042F81C /* Eventitic.h */; settings = {ATTRIBUTES = (Public, ); }; };
/* End PBXBuildFile section */

/* Begin PBXContainerItemProxy section */
		50AF3AFF1CC6FC3C0042F81C /* PBXContainerItemProxy */ = {
			isa = PBXContainerItemProxy;
			containerPortal = 50AF3AEA1CC6FC3C0042F81C /* Project object */;
			proxyType = 1;
			remoteGlobalIDString = 50AF3AF21CC6FC3C0042F81C;
			remoteInfo = Eventitic;
		};
/* End PBXContainerItemProxy section */

/* Begin PBXFileReference section */
		500E8F721CC7753F0030818B /* Eventitic.framework */ = {isa = PBXFileReference; explicitFileType = wrapper.framework; includeInIndex = 0; path = Eventitic.framework; sourceTree = BUILT_PRODUCTS_DIR; };
		50AF3AF31CC6FC3C0042F81C /* Eventitic.framework */ = {isa = PBXFileReference; explicitFileType = wrapper.framework; includeInIndex = 0; path = Eventitic.framework; sourceTree = BUILT_PRODUCTS_DIR; };
		50AF3AF61CC6FC3C0042F81C /* Eventitic.h */ = {isa = PBXFileReference; lastKnownFileType = sourcecode.c.h; path = Eventitic.h; sourceTree = "<group>"; };
		50AF3AF81CC6FC3C0042F81C /* Info.plist */ = {isa = PBXFileReference; lastKnownFileType = text.plist.xml; path = Info.plist; sourceTree = "<group>"; };
		50AF3AFD1CC6FC3C0042F81C /* EventiticTests_iOS.xctest */ = {isa = PBXFileReference; explicitFileType = wrapper.cfbundle; includeInIndex = 0; path = EventiticTests_iOS.xctest; sourceTree = BUILT_PRODUCTS_DIR; };
		50AF3B021CC6FC3C0042F81C /* EventiticTests.swift */ = {isa = PBXFileReference; lastKnownFileType = sourcecode.swift; path = EventiticTests.swift; sourceTree = "<group>"; };
		50AF3B041CC6FC3C0042F81C /* Info.plist */ = {isa = PBXFileReference; lastKnownFileType = text.plist.xml; path = Info.plist; sourceTree = "<group>"; };
		50AF3B101CC6FD890042F81C /* EventSource.swift */ = {isa = PBXFileReference; fileEncoding = 4; lastKnownFileType = sourcecode.swift; path = EventSource.swift; sourceTree = "<group>"; };
		50AF3B111CC6FD890042F81C /* Listener.swift */ = {isa = PBXFileReference; fileEncoding = 4; lastKnownFileType = sourcecode.swift; path = Listener.swift; sourceTree = "<group>"; };
		50AF3B121CC6FD890042F81C /* ListenerStore.swift */ = {isa = PBXFileReference; fileEncoding = 4; lastKnownFileType = sourcecode.swift; path = ListenerStore.swift; sourceTree = "<group>"; };
		50E10B791CC79303002C37E3 /* Eventitic.framework */ = {isa = PBXFileReference; explicitFileType = wrapper.framework; includeInIndex = 0; path = Eventitic.framework; sourceTree = BUILT_PRODUCTS_DIR; };
		50E10B871CC794AC002C37E3 /* Eventitic.framework */ = {isa = PBXFileReference; explicitFileType = wrapper.framework; includeInIndex = 0; path = Eventitic.framework; sourceTree = BUILT_PRODUCTS_DIR; };
/* End PBXFileReference section */

/* Begin PBXFrameworksBuildPhase section */
		500E8F6E1CC7753F0030818B /* Frameworks */ = {
			isa = PBXFrameworksBuildPhase;
			buildActionMask = 2147483647;
			files = (
			);
			runOnlyForDeploymentPostprocessing = 0;
		};
		50AF3AEF1CC6FC3C0042F81C /* Frameworks */ = {
			isa = PBXFrameworksBuildPhase;
			buildActionMask = 2147483647;
			files = (
			);
			runOnlyForDeploymentPostprocessing = 0;
		};
		50AF3AFA1CC6FC3C0042F81C /* Frameworks */ = {
			isa = PBXFrameworksBuildPhase;
			buildActionMask = 2147483647;
			files = (
				50AF3AFE1CC6FC3C0042F81C /* Eventitic.framework in Frameworks */,
			);
			runOnlyForDeploymentPostprocessing = 0;
		};
		50E10B751CC79303002C37E3 /* Frameworks */ = {
			isa = PBXFrameworksBuildPhase;
			buildActionMask = 2147483647;
			files = (
			);
			runOnlyForDeploymentPostprocessing = 0;
		};
		50E10B831CC794AC002C37E3 /* Frameworks */ = {
			isa = PBXFrameworksBuildPhase;
			buildActionMask = 2147483647;
			files = (
			);
			runOnlyForDeploymentPostprocessing = 0;
		};
/* End PBXFrameworksBuildPhase section */

/* Begin PBXGroup section */
		50AF3AE91CC6FC3C0042F81C = {
			isa = PBXGroup;
			children = (
				50AF3AF51CC6FC3C0042F81C /* Eventitic */,
				50AF3B0E1CC6FD890042F81C /* Sources */,
				50AF3B011CC6FC3C0042F81C /* EventiticTests */,
				50AF3AF41CC6FC3C0042F81C /* Products */,
			);
			sourceTree = "<group>";
		};
		50AF3AF41CC6FC3C0042F81C /* Products */ = {
			isa = PBXGroup;
			children = (
				50AF3AF31CC6FC3C0042F81C /* Eventitic.framework */,
				50AF3AFD1CC6FC3C0042F81C /* EventiticTests_iOS.xctest */,
				500E8F721CC7753F0030818B /* Eventitic.framework */,
				50E10B791CC79303002C37E3 /* Eventitic.framework */,
				50E10B871CC794AC002C37E3 /* Eventitic.framework */,
			);
			name = Products;
			sourceTree = "<group>";
		};
		50AF3AF51CC6FC3C0042F81C /* Eventitic */ = {
			isa = PBXGroup;
			children = (
				50AF3AF61CC6FC3C0042F81C /* Eventitic.h */,
				50AF3AF81CC6FC3C0042F81C /* Info.plist */,
			);
			path = Eventitic;
			sourceTree = "<group>";
		};
		50AF3B011CC6FC3C0042F81C /* EventiticTests */ = {
			isa = PBXGroup;
			children = (
				50AF3B021CC6FC3C0042F81C /* EventiticTests.swift */,
				50AF3B041CC6FC3C0042F81C /* Info.plist */,
			);
			path = EventiticTests;
			sourceTree = "<group>";
		};
		50AF3B0E1CC6FD890042F81C /* Sources */ = {
			isa = PBXGroup;
			children = (
				50AF3B101CC6FD890042F81C /* EventSource.swift */,
				50AF3B111CC6FD890042F81C /* Listener.swift */,
				50AF3B121CC6FD890042F81C /* ListenerStore.swift */,
			);
			name = Sources;
			path = ../Sources;
			sourceTree = "<group>";
		};
/* End PBXGroup section */

/* Begin PBXHeadersBuildPhase section */
		500E8F6F1CC7753F0030818B /* Headers */ = {
			isa = PBXHeadersBuildPhase;
			buildActionMask = 2147483647;
			files = (
				50E10B731CC7921E002C37E3 /* Eventitic.h in Headers */,
			);
			runOnlyForDeploymentPostprocessing = 0;
		};
		50AF3AF01CC6FC3C0042F81C /* Headers */ = {
			isa = PBXHeadersBuildPhase;
			buildActionMask = 2147483647;
			files = (
				50AF3AF71CC6FC3C0042F81C /* Eventitic.h in Headers */,
			);
			runOnlyForDeploymentPostprocessing = 0;
		};
		50E10B761CC79303002C37E3 /* Headers */ = {
			isa = PBXHeadersBuildPhase;
			buildActionMask = 2147483647;
			files = (
				50E10B811CC79367002C37E3 /* Eventitic.h in Headers */,
			);
			runOnlyForDeploymentPostprocessing = 0;
		};
		50E10B841CC794AC002C37E3 /* Headers */ = {
			isa = PBXHeadersBuildPhase;
			buildActionMask = 2147483647;
			files = (
				50E10B8F1CC794C6002C37E3 /* Eventitic.h in Headers */,
			);
			runOnlyForDeploymentPostprocessing = 0;
		};
/* End PBXHeadersBuildPhase section */

/* Begin PBXNativeTarget section */
		500E8F711CC7753F0030818B /* Eventitic_OSX */ = {
			isa = PBXNativeTarget;
			buildConfigurationList = 500E8F791CC7753F0030818B /* Build configuration list for PBXNativeTarget "Eventitic_OSX" */;
			buildPhases = (
				500E8F6D1CC7753F0030818B /* Sources */,
				500E8F6E1CC7753F0030818B /* Frameworks */,
				500E8F6F1CC7753F0030818B /* Headers */,
				500E8F701CC7753F0030818B /* Resources */,
			);
			buildRules = (
			);
			dependencies = (
			);
			name = Eventitic_OSX;
			productName = "Eventitic-osx";
			productReference = 500E8F721CC7753F0030818B /* Eventitic.framework */;
			productType = "com.apple.product-type.framework";
		};
		50AF3AF21CC6FC3C0042F81C /* Eventitic_iOS */ = {
			isa = PBXNativeTarget;
			buildConfigurationList = 50AF3B071CC6FC3C0042F81C /* Build configuration list for PBXNativeTarget "Eventitic_iOS" */;
			buildPhases = (
				50AF3AEE1CC6FC3C0042F81C /* Sources */,
				50AF3AEF1CC6FC3C0042F81C /* Frameworks */,
				50AF3AF01CC6FC3C0042F81C /* Headers */,
				50AF3AF11CC6FC3C0042F81C /* Resources */,
			);
			buildRules = (
			);
			dependencies = (
			);
			name = Eventitic_iOS;
			productName = Eventitic;
			productReference = 50AF3AF31CC6FC3C0042F81C /* Eventitic.framework */;
			productType = "com.apple.product-type.framework";
		};
		50AF3AFC1CC6FC3C0042F81C /* EventiticTests_iOS */ = {
			isa = PBXNativeTarget;
			buildConfigurationList = 50AF3B0A1CC6FC3C0042F81C /* Build configuration list for PBXNativeTarget "EventiticTests_iOS" */;
			buildPhases = (
				50AF3AF91CC6FC3C0042F81C /* Sources */,
				50AF3AFA1CC6FC3C0042F81C /* Frameworks */,
				50AF3AFB1CC6FC3C0042F81C /* Resources */,
			);
			buildRules = (
			);
			dependencies = (
				50AF3B001CC6FC3C0042F81C /* PBXTargetDependency */,
			);
			name = EventiticTests_iOS;
			productName = EventiticTests;
			productReference = 50AF3AFD1CC6FC3C0042F81C /* EventiticTests_iOS.xctest */;
			productType = "com.apple.product-type.bundle.unit-test";
		};
		50E10B781CC79303002C37E3 /* Eventitic_watchOS */ = {
			isa = PBXNativeTarget;
			buildConfigurationList = 50E10B801CC79303002C37E3 /* Build configuration list for PBXNativeTarget "Eventitic_watchOS" */;
			buildPhases = (
				50E10B741CC79303002C37E3 /* Sources */,
				50E10B751CC79303002C37E3 /* Frameworks */,
				50E10B761CC79303002C37E3 /* Headers */,
				50E10B771CC79303002C37E3 /* Resources */,
			);
			buildRules = (
			);
			dependencies = (
			);
			name = Eventitic_watchOS;
			productName = Eventitic;
			productReference = 50E10B791CC79303002C37E3 /* Eventitic.framework */;
			productType = "com.apple.product-type.framework";
		};
		50E10B861CC794AC002C37E3 /* Eventitic_tvOS */ = {
			isa = PBXNativeTarget;
			buildConfigurationList = 50E10B8C1CC794AC002C37E3 /* Build configuration list for PBXNativeTarget "Eventitic_tvOS" */;
			buildPhases = (
				50E10B821CC794AC002C37E3 /* Sources */,
				50E10B831CC794AC002C37E3 /* Frameworks */,
				50E10B841CC794AC002C37E3 /* Headers */,
				50E10B851CC794AC002C37E3 /* Resources */,
			);
			buildRules = (
			);
			dependencies = (
			);
			name = Eventitic_tvOS;
			productName = Eventitic;
			productReference = 50E10B871CC794AC002C37E3 /* Eventitic.framework */;
			productType = "com.apple.product-type.framework";
		};
/* End PBXNativeTarget section */

/* Begin PBXProject section */
		50AF3AEA1CC6FC3C0042F81C /* Project object */ = {
			isa = PBXProject;
			attributes = {
				LastSwiftUpdateCheck = 0730;
				LastUpgradeCheck = 0800;
				TargetAttributes = {
					500E8F711CC7753F0030818B = {
						CreatedOnToolsVersion = 7.3;
					};
					50AF3AF21CC6FC3C0042F81C = {
						CreatedOnToolsVersion = 7.3;
						LastSwiftMigration = 0800;
					};
					50AF3AFC1CC6FC3C0042F81C = {
						CreatedOnToolsVersion = 7.3;
						LastSwiftMigration = 0800;
					};
					50E10B781CC79303002C37E3 = {
						CreatedOnToolsVersion = 7.3;
					};
					50E10B861CC794AC002C37E3 = {
						CreatedOnToolsVersion = 7.3;
					};
				};
			};
			buildConfigurationList = 50AF3AED1CC6FC3C0042F81C /* Build configuration list for PBXProject "Eventitic" */;
			compatibilityVersion = "Xcode 3.2";
			developmentRegion = English;
			hasScannedForEncodings = 0;
			knownRegions = (
				en,
			);
			mainGroup = 50AF3AE91CC6FC3C0042F81C;
			productRefGroup = 50AF3AF41CC6FC3C0042F81C /* Products */;
			projectDirPath = "";
			projectRoot = "";
			targets = (
				50AF3AF21CC6FC3C0042F81C /* Eventitic_iOS */,
				50AF3AFC1CC6FC3C0042F81C /* EventiticTests_iOS */,
				500E8F711CC7753F0030818B /* Eventitic_OSX */,
				50E10B781CC79303002C37E3 /* Eventitic_watchOS */,
				50E10B861CC794AC002C37E3 /* Eventitic_tvOS */,
			);
		};
/* End PBXProject section */

/* Begin PBXResourcesBuildPhase section */
		500E8F701CC7753F0030818B /* Resources */ = {
			isa = PBXResourcesBuildPhase;
			buildActionMask = 2147483647;
			files = (
			);
			runOnlyForDeploymentPostprocessing = 0;
		};
		50AF3AF11CC6FC3C0042F81C /* Resources */ = {
			isa = PBXResourcesBuildPhase;
			buildActionMask = 2147483647;
			files = (
			);
			runOnlyForDeploymentPostprocessing = 0;
		};
		50AF3AFB1CC6FC3C0042F81C /* Resources */ = {
			isa = PBXResourcesBuildPhase;
			buildActionMask = 2147483647;
			files = (
			);
			runOnlyForDeploymentPostprocessing = 0;
		};
		50E10B771CC79303002C37E3 /* Resources */ = {
			isa = PBXResourcesBuildPhase;
			buildActionMask = 2147483647;
			files = (
			);
			runOnlyForDeploymentPostprocessing = 0;
		};
		50E10B851CC794AC002C37E3 /* Resources */ = {
			isa = PBXResourcesBuildPhase;
			buildActionMask = 2147483647;
			files = (
			);
			runOnlyForDeploymentPostprocessing = 0;
		};
/* End PBXResourcesBuildPhase section */

/* Begin PBXSourcesBuildPhase section */
		500E8F6D1CC7753F0030818B /* Sources */ = {
			isa = PBXSourcesBuildPhase;
			buildActionMask = 2147483647;
			files = (
				50E0DB7F1CC7CB9A00441694 /* ListenerStore.swift in Sources */,
				50E0DB7C1CC7CB9600441694 /* Listener.swift in Sources */,
				50E0DB791CC7CB9200441694 /* EventSource.swift in Sources */,
			);
			runOnlyForDeploymentPostprocessing = 0;
		};
		50AF3AEE1CC6FC3C0042F81C /* Sources */ = {
			isa = PBXSourcesBuildPhase;
			buildActionMask = 2147483647;
			files = (
				50AF3B161CC6FD890042F81C /* ListenerStore.swift in Sources */,
				50AF3B151CC6FD890042F81C /* Listener.swift in Sources */,
				50AF3B141CC6FD890042F81C /* EventSource.swift in Sources */,
			);
			runOnlyForDeploymentPostprocessing = 0;
		};
		50AF3AF91CC6FC3C0042F81C /* Sources */ = {
			isa = PBXSourcesBuildPhase;
			buildActionMask = 2147483647;
			files = (
				50AF3B031CC6FC3C0042F81C /* EventiticTests.swift in Sources */,
			);
			runOnlyForDeploymentPostprocessing = 0;
		};
		50E10B741CC79303002C37E3 /* Sources */ = {
			isa = PBXSourcesBuildPhase;
			buildActionMask = 2147483647;
			files = (
				50E0DB801CC7CB9B00441694 /* ListenerStore.swift in Sources */,
				50E0DB7D1CC7CB9700441694 /* Listener.swift in Sources */,
				50E0DB7A1CC7CB9300441694 /* EventSource.swift in Sources */,
			);
			runOnlyForDeploymentPostprocessing = 0;
		};
		50E10B821CC794AC002C37E3 /* Sources */ = {
			isa = PBXSourcesBuildPhase;
			buildActionMask = 2147483647;
			files = (
				50E0DB811CC7CB9B00441694 /* ListenerStore.swift in Sources */,
				50E0DB7E1CC7CB9700441694 /* Listener.swift in Sources */,
				50E0DB7B1CC7CB9300441694 /* EventSource.swift in Sources */,
			);
			runOnlyForDeploymentPostprocessing = 0;
		};
/* End PBXSourcesBuildPhase section */

/* Begin PBXTargetDependency section */
		50AF3B001CC6FC3C0042F81C /* PBXTargetDependency */ = {
			isa = PBXTargetDependency;
			target = 50AF3AF21CC6FC3C0042F81C /* Eventitic_iOS */;
			targetProxy = 50AF3AFF1CC6FC3C0042F81C /* PBXContainerItemProxy */;
		};
/* End PBXTargetDependency section */

/* Begin XCBuildConfiguration section */
		500E8F771CC7753F0030818B /* Debug */ = {
			isa = XCBuildConfiguration;
			buildSettings = {
				CODE_SIGN_IDENTITY = "";
				COMBINE_HIDPI_IMAGES = YES;
				DEFINES_MODULE = YES;
				DYLIB_COMPATIBILITY_VERSION = 1;
				DYLIB_CURRENT_VERSION = 1;
				DYLIB_INSTALL_NAME_BASE = "@rpath";
				FRAMEWORK_VERSION = A;
				INFOPLIST_FILE = Eventitic/Info.plist;
				INSTALL_PATH = "$(LOCAL_LIBRARY_DIR)/Frameworks";
				LD_RUNPATH_SEARCH_PATHS = "$(inherited) @executable_path/../Frameworks @loader_path/Frameworks";
				PRODUCT_BUNDLE_IDENTIFIER = com.hironytic.Eventitic;
				PRODUCT_NAME = Eventitic;
				SDKROOT = macosx;
				SKIP_INSTALL = YES;
			};
			name = Debug;
		};
		500E8F781CC7753F0030818B /* Release */ = {
			isa = XCBuildConfiguration;
			buildSettings = {
				CODE_SIGN_IDENTITY = "";
				COMBINE_HIDPI_IMAGES = YES;
				DEFINES_MODULE = YES;
				DYLIB_COMPATIBILITY_VERSION = 1;
				DYLIB_CURRENT_VERSION = 1;
				DYLIB_INSTALL_NAME_BASE = "@rpath";
				FRAMEWORK_VERSION = A;
				INFOPLIST_FILE = Eventitic/Info.plist;
				INSTALL_PATH = "$(LOCAL_LIBRARY_DIR)/Frameworks";
				LD_RUNPATH_SEARCH_PATHS = "$(inherited) @executable_path/../Frameworks @loader_path/Frameworks";
				PRODUCT_BUNDLE_IDENTIFIER = com.hironytic.Eventitic;
				PRODUCT_NAME = Eventitic;
				SDKROOT = macosx;
				SKIP_INSTALL = YES;
			};
			name = Release;
		};
		50AF3B051CC6FC3C0042F81C /* Debug */ = {
			isa = XCBuildConfiguration;
			buildSettings = {
				ALWAYS_SEARCH_USER_PATHS = NO;
				CLANG_ANALYZER_NONNULL = YES;
				CLANG_CXX_LANGUAGE_STANDARD = "gnu++0x";
				CLANG_CXX_LIBRARY = "libc++";
				CLANG_ENABLE_MODULES = YES;
				CLANG_ENABLE_OBJC_ARC = YES;
				CLANG_WARN_BOOL_CONVERSION = YES;
				CLANG_WARN_CONSTANT_CONVERSION = YES;
				CLANG_WARN_DIRECT_OBJC_ISA_USAGE = YES_ERROR;
				CLANG_WARN_EMPTY_BODY = YES;
				CLANG_WARN_ENUM_CONVERSION = YES;
				CLANG_WARN_INFINITE_RECURSION = YES;
				CLANG_WARN_INT_CONVERSION = YES;
				CLANG_WARN_OBJC_ROOT_CLASS = YES_ERROR;
				CLANG_WARN_SUSPICIOUS_MOVE = YES;
				CLANG_WARN_UNREACHABLE_CODE = YES;
				CLANG_WARN__DUPLICATE_METHOD_MATCH = YES;
				"CODE_SIGN_IDENTITY[sdk=iphoneos*]" = "iPhone Developer";
				COPY_PHASE_STRIP = NO;
				CURRENT_PROJECT_VERSION = 1;
				DEBUG_INFORMATION_FORMAT = dwarf;
				ENABLE_STRICT_OBJC_MSGSEND = YES;
				ENABLE_TESTABILITY = YES;
				GCC_C_LANGUAGE_STANDARD = gnu99;
				GCC_DYNAMIC_NO_PIC = NO;
				GCC_NO_COMMON_BLOCKS = YES;
				GCC_OPTIMIZATION_LEVEL = 0;
				GCC_PREPROCESSOR_DEFINITIONS = (
					"DEBUG=1",
					"$(inherited)",
				);
				GCC_WARN_64_TO_32_BIT_CONVERSION = YES;
				GCC_WARN_ABOUT_RETURN_TYPE = YES_ERROR;
				GCC_WARN_UNDECLARED_SELECTOR = YES;
				GCC_WARN_UNINITIALIZED_AUTOS = YES_AGGRESSIVE;
				GCC_WARN_UNUSED_FUNCTION = YES;
				GCC_WARN_UNUSED_VARIABLE = YES;
				IPHONEOS_DEPLOYMENT_TARGET = 8.0;
				MACOSX_DEPLOYMENT_TARGET = 10.9;
				MTL_ENABLE_DEBUG_INFO = YES;
				ONLY_ACTIVE_ARCH = YES;
				SDKROOT = iphoneos;
				SWIFT_OPTIMIZATION_LEVEL = "-Onone";
				TARGETED_DEVICE_FAMILY = "1,2";
				VERSIONING_SYSTEM = "apple-generic";
				VERSION_INFO_PREFIX = "";
			};
			name = Debug;
		};
		50AF3B061CC6FC3C0042F81C /* Release */ = {
			isa = XCBuildConfiguration;
			buildSettings = {
				ALWAYS_SEARCH_USER_PATHS = NO;
				CLANG_ANALYZER_NONNULL = YES;
				CLANG_CXX_LANGUAGE_STANDARD = "gnu++0x";
				CLANG_CXX_LIBRARY = "libc++";
				CLANG_ENABLE_MODULES = YES;
				CLANG_ENABLE_OBJC_ARC = YES;
				CLANG_WARN_BOOL_CONVERSION = YES;
				CLANG_WARN_CONSTANT_CONVERSION = YES;
				CLANG_WARN_DIRECT_OBJC_ISA_USAGE = YES_ERROR;
				CLANG_WARN_EMPTY_BODY = YES;
				CLANG_WARN_ENUM_CONVERSION = YES;
				CLANG_WARN_INFINITE_RECURSION = YES;
				CLANG_WARN_INT_CONVERSION = YES;
				CLANG_WARN_OBJC_ROOT_CLASS = YES_ERROR;
				CLANG_WARN_SUSPICIOUS_MOVE = YES;
				CLANG_WARN_UNREACHABLE_CODE = YES;
				CLANG_WARN__DUPLICATE_METHOD_MATCH = YES;
				"CODE_SIGN_IDENTITY[sdk=iphoneos*]" = "iPhone Developer";
				COPY_PHASE_STRIP = NO;
				CURRENT_PROJECT_VERSION = 1;
				DEBUG_INFORMATION_FORMAT = "dwarf-with-dsym";
				ENABLE_NS_ASSERTIONS = NO;
				ENABLE_STRICT_OBJC_MSGSEND = YES;
				GCC_C_LANGUAGE_STANDARD = gnu99;
				GCC_NO_COMMON_BLOCKS = YES;
				GCC_WARN_64_TO_32_BIT_CONVERSION = YES;
				GCC_WARN_ABOUT_RETURN_TYPE = YES_ERROR;
				GCC_WARN_UNDECLARED_SELECTOR = YES;
				GCC_WARN_UNINITIALIZED_AUTOS = YES_AGGRESSIVE;
				GCC_WARN_UNUSED_FUNCTION = YES;
				GCC_WARN_UNUSED_VARIABLE = YES;
				IPHONEOS_DEPLOYMENT_TARGET = 8.0;
				MACOSX_DEPLOYMENT_TARGET = 10.9;
				MTL_ENABLE_DEBUG_INFO = NO;
				SDKROOT = iphoneos;
				SWIFT_OPTIMIZATION_LEVEL = "-Owholemodule";
				TARGETED_DEVICE_FAMILY = "1,2";
				VALIDATE_PRODUCT = YES;
				VERSIONING_SYSTEM = "apple-generic";
				VERSION_INFO_PREFIX = "";
			};
			name = Release;
		};
		50AF3B081CC6FC3C0042F81C /* Debug */ = {
			isa = XCBuildConfiguration;
			buildSettings = {
				"CODE_SIGN_IDENTITY[sdk=iphoneos*]" = "";
				DEFINES_MODULE = YES;
				DYLIB_COMPATIBILITY_VERSION = 1;
				DYLIB_CURRENT_VERSION = 1;
				DYLIB_INSTALL_NAME_BASE = "@rpath";
				INFOPLIST_FILE = Eventitic/Info.plist;
				INSTALL_PATH = "$(LOCAL_LIBRARY_DIR)/Frameworks";
				LD_RUNPATH_SEARCH_PATHS = "$(inherited) @executable_path/Frameworks @loader_path/Frameworks";
				PRODUCT_BUNDLE_IDENTIFIER = com.hironytic.Eventitic;
				PRODUCT_NAME = Eventitic;
				SKIP_INSTALL = YES;
				SWIFT_VERSION = 3.0;
			};
			name = Debug;
		};
		50AF3B091CC6FC3C0042F81C /* Release */ = {
			isa = XCBuildConfiguration;
			buildSettings = {
				"CODE_SIGN_IDENTITY[sdk=iphoneos*]" = "";
				DEFINES_MODULE = YES;
				DYLIB_COMPATIBILITY_VERSION = 1;
				DYLIB_CURRENT_VERSION = 1;
				DYLIB_INSTALL_NAME_BASE = "@rpath";
				INFOPLIST_FILE = Eventitic/Info.plist;
				INSTALL_PATH = "$(LOCAL_LIBRARY_DIR)/Frameworks";
				LD_RUNPATH_SEARCH_PATHS = "$(inherited) @executable_path/Frameworks @loader_path/Frameworks";
				PRODUCT_BUNDLE_IDENTIFIER = com.hironytic.Eventitic;
				PRODUCT_NAME = Eventitic;
				SKIP_INSTALL = YES;
				SWIFT_VERSION = 3.0;
			};
			name = Release;
		};
		50AF3B0B1CC6FC3C0042F81C /* Debug */ = {
			isa = XCBuildConfiguration;
			buildSettings = {
				INFOPLIST_FILE = EventiticTests/Info.plist;
				LD_RUNPATH_SEARCH_PATHS = "$(inherited) @executable_path/Frameworks @loader_path/Frameworks";
				PRODUCT_BUNDLE_IDENTIFIER = com.hironytic.EventiticTests;
				PRODUCT_NAME = "$(TARGET_NAME)";
				SWIFT_VERSION = 3.0;
			};
			name = Debug;
		};
		50AF3B0C1CC6FC3C0042F81C /* Release */ = {
			isa = XCBuildConfiguration;
			buildSettings = {
				INFOPLIST_FILE = EventiticTests/Info.plist;
				LD_RUNPATH_SEARCH_PATHS = "$(inherited) @executable_path/Frameworks @loader_path/Frameworks";
				PRODUCT_BUNDLE_IDENTIFIER = com.hironytic.EventiticTests;
				PRODUCT_NAME = "$(TARGET_NAME)";
				SWIFT_VERSION = 3.0;
			};
			name = Release;
		};
		50E10B7E1CC79303002C37E3 /* Debug */ = {
			isa = XCBuildConfiguration;
			buildSettings = {
				APPLICATION_EXTENSION_API_ONLY = YES;
				"CODE_SIGN_IDENTITY[sdk=watchos*]" = "";
				DEFINES_MODULE = YES;
				DYLIB_COMPATIBILITY_VERSION = 1;
				DYLIB_CURRENT_VERSION = 1;
				DYLIB_INSTALL_NAME_BASE = "@rpath";
				INFOPLIST_FILE = Eventitic/Info.plist;
				INSTALL_PATH = "$(LOCAL_LIBRARY_DIR)/Frameworks";
				LD_RUNPATH_SEARCH_PATHS = "$(inherited) @executable_path/Frameworks @loader_path/Frameworks";
				PRODUCT_BUNDLE_IDENTIFIER = com.hironytic.Eventitic;
				PRODUCT_NAME = Eventitic;
				SDKROOT = watchos;
				SKIP_INSTALL = YES;
				TARGETED_DEVICE_FAMILY = 4;
				WATCHOS_DEPLOYMENT_TARGET = 2.2;
			};
			name = Debug;
		};
		50E10B7F1CC79303002C37E3 /* Release */ = {
			isa = XCBuildConfiguration;
			buildSettings = {
				APPLICATION_EXTENSION_API_ONLY = YES;
				"CODE_SIGN_IDENTITY[sdk=watchos*]" = "";
				DEFINES_MODULE = YES;
				DYLIB_COMPATIBILITY_VERSION = 1;
				DYLIB_CURRENT_VERSION = 1;
				DYLIB_INSTALL_NAME_BASE = "@rpath";
				INFOPLIST_FILE = Eventitic/Info.plist;
				INSTALL_PATH = "$(LOCAL_LIBRARY_DIR)/Frameworks";
				LD_RUNPATH_SEARCH_PATHS = "$(inherited) @executable_path/Frameworks @loader_path/Frameworks";
				PRODUCT_BUNDLE_IDENTIFIER = com.hironytic.Eventitic;
				PRODUCT_NAME = Eventitic;
				SDKROOT = watchos;
				SKIP_INSTALL = YES;
				TARGETED_DEVICE_FAMILY = 4;
				WATCHOS_DEPLOYMENT_TARGET = 2.2;
			};
			name = Release;
		};
		50E10B8D1CC794AC002C37E3 /* Debug */ = {
			isa = XCBuildConfiguration;
			buildSettings = {
				"CODE_SIGN_IDENTITY[sdk=appletvos*]" = "";
				DEFINES_MODULE = YES;
				DYLIB_COMPATIBILITY_VERSION = 1;
				DYLIB_CURRENT_VERSION = 1;
				DYLIB_INSTALL_NAME_BASE = "@rpath";
				INFOPLIST_FILE = Eventitic/Info.plist;
				INSTALL_PATH = "$(LOCAL_LIBRARY_DIR)/Frameworks";
				LD_RUNPATH_SEARCH_PATHS = "$(inherited) @executable_path/Frameworks @loader_path/Frameworks";
				PRODUCT_BUNDLE_IDENTIFIER = com.hironytic.Eventitic;
				PRODUCT_NAME = Eventitic;
				SDKROOT = appletvos;
				SKIP_INSTALL = YES;
				TARGETED_DEVICE_FAMILY = 3;
				TVOS_DEPLOYMENT_TARGET = 9.0;
			};
			name = Debug;
		};
		50E10B8E1CC794AC002C37E3 /* Release */ = {
			isa = XCBuildConfiguration;
			buildSettings = {
				"CODE_SIGN_IDENTITY[sdk=appletvos*]" = "";
				DEFINES_MODULE = YES;
				DYLIB_COMPATIBILITY_VERSION = 1;
				DYLIB_CURRENT_VERSION = 1;
				DYLIB_INSTALL_NAME_BASE = "@rpath";
				INFOPLIST_FILE = Eventitic/Info.plist;
				INSTALL_PATH = "$(LOCAL_LIBRARY_DIR)/Frameworks";
				LD_RUNPATH_SEARCH_PATHS = "$(inherited) @executable_path/Frameworks @loader_path/Frameworks";
				PRODUCT_BUNDLE_IDENTIFIER = com.hironytic.Eventitic;
				PRODUCT_NAME = Eventitic;
				SDKROOT = appletvos;
				SKIP_INSTALL = YES;
				TARGETED_DEVICE_FAMILY = 3;
				TVOS_DEPLOYMENT_TARGET = 9.0;
			};
			name = Release;
		};
/* End XCBuildConfiguration section */

/* Begin XCConfigurationList section */
		500E8F791CC7753F0030818B /* Build configuration list for PBXNativeTarget "Eventitic_OSX" */ = {
			isa = XCConfigurationList;
			buildConfigurations = (
				500E8F771CC7753F0030818B /* Debug */,
				500E8F781CC7753F0030818B /* Release */,
			);
			defaultConfigurationIsVisible = 0;
			defaultConfigurationName = Release;
		};
		50AF3AED1CC6FC3C0042F81C /* Build configuration list for PBXProject "Eventitic" */ = {
			isa = XCConfigurationList;
			buildConfigurations = (
				50AF3B051CC6FC3C0042F81C /* Debug */,
				50AF3B061CC6FC3C0042F81C /* Release */,
			);
			defaultConfigurationIsVisible = 0;
			defaultConfigurationName = Release;
		};
		50AF3B071CC6FC3C0042F81C /* Build configuration list for PBXNativeTarget "Eventitic_iOS" */ = {
			isa = XCConfigurationList;
			buildConfigurations = (
				50AF3B081CC6FC3C0042F81C /* Debug */,
				50AF3B091CC6FC3C0042F81C /* Release */,
			);
			defaultConfigurationIsVisible = 0;
			defaultConfigurationName = Release;
		};
		50AF3B0A1CC6FC3C0042F81C /* Build configuration list for PBXNativeTarget "EventiticTests_iOS" */ = {
			isa = XCConfigurationList;
			buildConfigurations = (
				50AF3B0B1CC6FC3C0042F81C /* Debug */,
				50AF3B0C1CC6FC3C0042F81C /* Release */,
			);
			defaultConfigurationIsVisible = 0;
			defaultConfigurationName = Release;
		};
		50E10B801CC79303002C37E3 /* Build configuration list for PBXNativeTarget "Eventitic_watchOS" */ = {
			isa = XCConfigurationList;
			buildConfigurations = (
				50E10B7E1CC79303002C37E3 /* Debug */,
				50E10B7F1CC79303002C37E3 /* Release */,
			);
			defaultConfigurationIsVisible = 0;
			defaultConfigurationName = Release;
		};
		50E10B8C1CC794AC002C37E3 /* Build configuration list for PBXNativeTarget "Eventitic_tvOS" */ = {
			isa = XCConfigurationList;
			buildConfigurations = (
				50E10B8D1CC794AC002C37E3 /* Debug */,
				50E10B8E1CC794AC002C37E3 /* Release */,
			);
			defaultConfigurationIsVisible = 0;
			defaultConfigurationName = Release;
		};
/* End XCConfigurationList section */
	};
	rootObject = 50AF3AEA1CC6FC3C0042F81C /* Project object */;
}
